{
  "version": 4,
  "terraform_version": "1.1.7",
  "serial": 431,
  "lineage": "14ca685a-4a53-8fe7-6a76-3a8934ccb682",
  "outputs": {
    "private_key_app": {
      "value": "-----BEGIN RSA PRIVATE KEY-----\nMIIEowIBAAKCAQEAu8d5rF5w9HxJWQol2/+4k6BiyOnSShwwE9wIPu4eBP9DipcQ\nEQyvc8LQwBnLRynEDhDjKnP22rq60wZjaZ0qNQAiKo4it/qgfm4NrMdrRBf/3jOH\ns/g32ywuSJWGtAMbbOn2cjF3pySVZT7i0smjCT4oUg8I7wmLHLIfv9+uY9+ZfOB/\nzptYHktf4Jchyv6FNtg91j384/98SF1Dr9JsLYBSCUuywbF9v0BX0wlRHdrXUZDT\nh3IYG2+ZTR//mC5Ul3OX5AYJF25dWR8PX4CzekxLLeRj1L62uEewnRG7JsWyu5Ir\n9p7y+h1195y57pLEuhRxEJddhHN7OiazYyBD6QIDAQABAoIBAGt2szlkKvygDFH6\nrsQCyx0hUqdsuT5Ud2dGKynomCF//KVZ4oX/XoG/YjwuBtnJGzx5iagICaQP7U9L\nfqU4nqkKVINKKLBlrGfuj8Drt4WWvoXps6XZTg4OcMZ1XEu044MnOjUL/lAXbbAt\nlx3O65Ekk2qy1AgIzCY2AlmKp4DbwRLnjF8yLl660ktNBycAb3e/nvaIhAEXkAwQ\nT/Feu6rXJbxHKUyOArPpoQHW85LXHvTHBCmLNnnHWVq0gYP6DC33x21IiStYlk50\nqBMnVgigfVsUBXXnc0GB7HjQuBHUE7ZPe9w8w86Bj7IMCQIW7bRX80ZU93jUeWLg\nu8eVmwECgYEA0sC1cXVrABem+p3Srbxcd7UUeASNxbUlP9YEm6DJbM9FatbCpbbA\n5rWNeo9AysdMoomZimP6c48gNIjHRNLyMB74JNE4wmK4j7ovk516ONbjyV1cBZil\nODYKhbWnTAKw5CuSfcEDm144UoU22Oq43PqNJVaQO0DDbnhCKNqGuRECgYEA5Bga\nu/VoqGXPUkjtvrcQT1Tb0joYjDD/qOhYKjz+c6bHx29i1KNcDpFgDNe4mQ4lInnC\nOx1wFHQUniD0+qePcNJHnsb00gtClwJWKeuqU2C7gZXgwXAsKTk1/LsRlh/4pc+o\n2ClKCSIsDgfoPYAvsMQsGFeBgQu0Zy/hFTojHVkCgYAinVwvwmVMopXeW8Wam3Fk\nh+1QuQ7ABjyT+4bOON5cbL6uCY/2v8l3GyKdmqG9rHY9y/PX8wvTpxJXDpAMEcmN\ndciz41k7NBO0J5Rg3mCQrVrEW/0dPjEExnt78pYDuf1rvGxXEziQcC04AIE9p2+t\ne8lq9IjD8qMmpcHYC+xMwQKBgQCq/rMUE49JJ0H8cvXgksakYn6FJM6AUr9m9gAa\nci1jsDV2+rcBqBH8TdnO5u3ZuDP4m4UT4ibC/p7ySMy/GFy9fLb6fjbNPGnIYZUM\nykKfTRZkuGKNQbWpld02QVuWyxMR4xK2MoXxQO/7+MuPR4j5IKfZ+8f3YTn2XXuE\n+VeXyQKBgA7RSKxWLqFy2hrIee3Htac3qTP5R3imoFV5gzL7OFY5TEQAedu4GApJ\n23w2ksIGC9Y0aWf5cTNILI1TRxseHhGfqNlEh1USKQXY7u5WQR3X9RY81MMmc7qd\nezlD1+BrDnDoiH2+p/xbOlGybDW6Qb04zTBLVS0bzmYNC3jnHO7N\n-----END RSA PRIVATE KEY-----\n",
      "type": "string",
      "sensitive": true
    }
  },
  "resources": [
    {
      "mode": "managed",
      "type": "aws_internet_gateway",
      "name": "test-igw",
      "provider": "provider[\"registry.terraform.io/hashicorp/aws\"]",
      "instances": [
        {
          "schema_version": 0,
          "attributes": {
            "arn": "arn:aws:ec2:us-east-1:143075050537:internet-gateway/igw-020220f6a66590ce7",
            "id": "igw-020220f6a66590ce7",
            "owner_id": "143075050537",
            "tags": {
              "Name": "Test IGW"
            },
            "tags_all": {
              "Name": "Test IGW"
            },
            "vpc_id": "vpc-0fda112724090432c"
          },
          "sensitive_attributes": [],
          "private": "bnVsbA==",
          "dependencies": [
            "aws_vpc.test-vpc"
          ]
        }
      ]
    },
    {
      "mode": "managed",
      "type": "aws_key_pair",
      "name": "app-key",
      "provider": "provider[\"registry.terraform.io/hashicorp/aws\"]",
      "instances": [
        {
          "schema_version": 1,
          "attributes": {
            "arn": "arn:aws:ec2:us-east-1:143075050537:key-pair/app-key",
            "fingerprint": "5f:bc:75:93:e8:e3:6f:35:96:82:13:fb:3d:ba:a0:8a",
            "id": "app-key",
            "key_name": "app-key",
            "key_name_prefix": "",
            "key_pair_id": "key-018165d4d37aa525b",
            "public_key": "ssh-rsa AAAAB3NzaC1yc2EAAAADAQABAAABAQC7x3msXnD0fElZCiXb/7iToGLI6dJKHDAT3Ag+7h4E/0OKlxARDK9zwtDAGctHKcQOEOMqc/baurrTBmNpnSo1ACIqjiK3+qB+bg2sx2tEF//eM4ez+DfbLC5IlYa0Axts6fZyMXenJJVlPuLSyaMJPihSDwjvCYscsh+/365j35l84H/Om1geS1/glyHK/oU22D3WPfzj/3xIXUOv0mwtgFIJS7LBsX2/QFfTCVEd2tdRkNOHchgbb5lNH/+YLlSXc5fkBgkXbl1ZHw9fgLN6TEst5GPUvra4R7CdEbsmxbK7kiv2nvL6HXX3nLnuksS6FHEQl12Ec3s6JrNjIEPp",
            "tags": {},
            "tags_all": {}
          },
          "sensitive_attributes": [],
          "private": "eyJzY2hlbWFfdmVyc2lvbiI6IjEifQ==",
          "dependencies": [
            "tls_private_key.app_p_key"
          ]
        }
      ]
    },
    {
      "mode": "managed",
      "type": "aws_route",
      "name": "public_test",
      "provider": "provider[\"registry.terraform.io/hashicorp/aws\"]",
      "instances": [
        {
          "schema_version": 0,
          "attributes": {
            "carrier_gateway_id": "",
            "destination_cidr_block": "0.0.0.0/0",
            "destination_ipv6_cidr_block": "",
            "destination_prefix_list_id": "",
            "egress_only_gateway_id": "",
            "gateway_id": "igw-020220f6a66590ce7",
            "id": "r-rtb-0298b79a49d31fba01080289494",
            "instance_id": "",
            "instance_owner_id": "",
            "local_gateway_id": "",
            "nat_gateway_id": "",
            "network_interface_id": "",
            "origin": "CreateRoute",
            "route_table_id": "rtb-0298b79a49d31fba0",
            "state": "active",
            "timeouts": null,
            "transit_gateway_id": "",
            "vpc_endpoint_id": "",
            "vpc_peering_connection_id": ""
          },
          "sensitive_attributes": [],
          "private": "eyJlMmJmYjczMC1lY2FhLTExZTYtOGY4OC0zNDM2M2JjN2M0YzAiOnsiY3JlYXRlIjozMDAwMDAwMDAwMDAsImRlbGV0ZSI6MzAwMDAwMDAwMDAwLCJ1cGRhdGUiOjEyMDAwMDAwMDAwMH19",
          "dependencies": [
            "aws_internet_gateway.test-igw",
            "aws_route_table.route_table_test",
            "aws_vpc.test-vpc"
          ]
        }
      ]
    },
    {
      "mode": "managed",
      "type": "aws_route_table",
      "name": "route_table_test",
      "provider": "provider[\"registry.terraform.io/hashicorp/aws\"]",
      "instances": [
        {
          "schema_version": 0,
          "attributes": {
            "arn": "arn:aws:ec2:us-east-1:143075050537:route-table/rtb-0298b79a49d31fba0",
            "id": "rtb-0298b79a49d31fba0",
            "owner_id": "143075050537",
            "propagating_vgws": [],
            "route": [
              {
                "carrier_gateway_id": "",
                "cidr_block": "0.0.0.0/0",
                "destination_prefix_list_id": "",
                "egress_only_gateway_id": "",
                "gateway_id": "igw-020220f6a66590ce7",
                "instance_id": "",
                "ipv6_cidr_block": "",
                "local_gateway_id": "",
                "nat_gateway_id": "",
                "network_interface_id": "",
                "transit_gateway_id": "",
                "vpc_endpoint_id": "",
                "vpc_peering_connection_id": ""
              }
            ],
            "tags": {
              "Name": "Public-RT"
            },
            "tags_all": {
              "Name": "Public-RT"
            },
            "timeouts": null,
            "vpc_id": "vpc-0fda112724090432c"
          },
          "sensitive_attributes": [],
          "private": "eyJlMmJmYjczMC1lY2FhLTExZTYtOGY4OC0zNDM2M2JjN2M0YzAiOnsiY3JlYXRlIjozMDAwMDAwMDAwMDAsImRlbGV0ZSI6MzAwMDAwMDAwMDAwLCJ1cGRhdGUiOjEyMDAwMDAwMDAwMH19",
          "dependencies": [
            "aws_vpc.test-vpc"
          ]
        }
      ]
    },
    {
      "mode": "managed",
      "type": "aws_route_table_association",
      "name": "public_test",
      "provider": "provider[\"registry.terraform.io/hashicorp/aws\"]",
      "instances": [
        {
          "schema_version": 0,
          "attributes": {
            "gateway_id": "",
            "id": "rtbassoc-078d60e53f426ebd5",
            "route_table_id": "rtb-0298b79a49d31fba0",
            "subnet_id": "subnet-00244f9aa3824df1e"
          },
          "sensitive_attributes": [],
          "private": "bnVsbA==",
          "dependencies": [
            "aws_route_table.route_table_test",
            "aws_subnet.app-sub",
            "aws_vpc.test-vpc"
          ]
        }
      ]
    },
    {
      "mode": "managed",
      "type": "aws_security_group",
      "name": "app_jen_secgrp",
      "provider": "provider[\"registry.terraform.io/hashicorp/aws\"]",
      "instances": [
        {
          "schema_version": 1,
          "attributes": {
            "arn": "arn:aws:ec2:us-east-1:143075050537:security-group/sg-0918d229ea389a7ab",
            "description": "Allow inbound 22,80,8080",
            "egress": [
              {
                "cidr_blocks": [
                  "0.0.0.0/0"
                ],
                "description": "",
                "from_port": 0,
                "ipv6_cidr_blocks": [],
                "prefix_list_ids": [],
                "protocol": "-1",
                "security_groups": [],
                "self": false,
                "to_port": 0
              }
            ],
            "id": "sg-0918d229ea389a7ab",
            "ingress": [
              {
                "cidr_blocks": [
                  "0.0.0.0/0"
                ],
                "description": "HTTP",
                "from_port": 80,
                "ipv6_cidr_blocks": [],
                "prefix_list_ids": [],
                "protocol": "tcp",
                "security_groups": [],
                "self": false,
                "to_port": 80
              },
              {
                "cidr_blocks": [
                  "0.0.0.0/0"
                ],
                "description": "Jenkins",
                "from_port": 8080,
                "ipv6_cidr_blocks": [],
                "prefix_list_ids": [],
                "protocol": "tcp",
                "security_groups": [],
                "self": false,
                "to_port": 8080
              },
              {
                "cidr_blocks": [
                  "0.0.0.0/0"
                ],
                "description": "SSH",
                "from_port": 22,
                "ipv6_cidr_blocks": [],
                "prefix_list_ids": [],
                "protocol": "tcp",
                "security_groups": [],
                "self": false,
                "to_port": 22
              }
            ],
            "name": "allow_jen",
            "name_prefix": "",
            "owner_id": "143075050537",
            "revoke_rules_on_delete": false,
            "tags": {
              "Name": "Public Sub Secgrp"
            },
            "tags_all": {
              "Name": "Public Sub Secgrp"
            },
            "timeouts": null,
            "vpc_id": "vpc-0fda112724090432c"
          },
          "sensitive_attributes": [],
          "private": "eyJlMmJmYjczMC1lY2FhLTExZTYtOGY4OC0zNDM2M2JjN2M0YzAiOnsiY3JlYXRlIjo2MDAwMDAwMDAwMDAsImRlbGV0ZSI6OTAwMDAwMDAwMDAwfSwic2NoZW1hX3ZlcnNpb24iOiIxIn0=",
          "dependencies": [
            "aws_vpc.test-vpc"
          ]
        }
      ]
    },
    {
      "mode": "managed",
      "type": "aws_spot_instance_request",
      "name": "app_server",
      "provider": "provider[\"registry.terraform.io/hashicorp/aws\"]",
      "instances": [
        {
          "schema_version": 0,
          "attributes": {
            "ami": "ami-0b0af3577fe5e3532",
            "arn": null,
            "associate_public_ip_address": true,
            "availability_zone": null,
            "block_duration_minutes": 0,
            "capacity_reservation_specification": null,
            "cpu_core_count": null,
            "cpu_threads_per_core": null,
            "credit_specification": [],
            "disable_api_termination": null,
            "ebs_block_device": [],
            "ebs_optimized": null,
            "enclave_options": null,
            "ephemeral_block_device": [],
            "get_password_data": false,
            "hibernation": null,
            "host_id": null,
            "iam_instance_profile": null,
            "id": "sir-jwj6bn2m",
            "instance_initiated_shutdown_behavior": null,
            "instance_interruption_behavior": "terminate",
            "instance_state": null,
            "instance_type": "t2.medium",
            "ipv6_address_count": null,
            "ipv6_addresses": null,
            "key_name": "app-key",
            "launch_group": "",
            "launch_template": [],
            "metadata_options": null,
            "monitoring": null,
            "network_interface": [],
            "outpost_arn": null,
            "password_data": null,
            "placement_group": null,
            "placement_partition_number": null,
            "primary_network_interface_id": null,
            "private_dns": null,
            "private_ip": null,
            "public_dns": null,
            "public_ip": null,
            "root_block_device": null,
            "secondary_private_ips": [],
            "security_groups": [],
            "source_dest_check": true,
            "spot_bid_status": "pending-fulfillment",
            "spot_instance_id": null,
            "spot_price": "0.300000",
            "spot_request_state": "open",
            "spot_type": "persistent",
            "subnet_id": "subnet-00244f9aa3824df1e",
            "tags": null,
            "tags_all": {},
            "tenancy": null,
            "timeouts": null,
            "user_data": "93e4665bab5667d995352de50c1a3d2d0e7eabb4",
            "user_data_base64": null,
            "user_data_replace_on_change": false,
            "valid_from": "0001-01-01T00:00:00Z",
            "valid_until": "0001-01-01T00:00:00Z",
            "volume_tags": null,
            "vpc_security_group_ids": [
              "sg-0918d229ea389a7ab"
            ],
            "wait_for_fulfillment": false
          },
          "sensitive_attributes": [],
          "private": "eyJlMmJmYjczMC1lY2FhLTExZTYtOGY4OC0zNDM2M2JjN2M0YzAiOnsiY3JlYXRlIjo2MDAwMDAwMDAwMDAsImRlbGV0ZSI6MTIwMDAwMDAwMDAwMH19",
          "dependencies": [
            "aws_security_group.app_jen_secgrp",
            "aws_subnet.app-sub"
          ]
        }
      ]
    },
    {
      "mode": "managed",
      "type": "aws_subnet",
      "name": "app-sub",
      "provider": "provider[\"registry.terraform.io/hashicorp/aws\"]",
      "instances": [
        {
          "schema_version": 1,
          "attributes": {
            "arn": "arn:aws:ec2:us-east-1:143075050537:subnet/subnet-00244f9aa3824df1e",
            "assign_ipv6_address_on_creation": false,
            "availability_zone": "us-east-1a",
            "availability_zone_id": "use1-az1",
            "cidr_block": "10.0.1.0/24",
            "customer_owned_ipv4_pool": "",
            "enable_dns64": false,
            "enable_resource_name_dns_a_record_on_launch": false,
            "enable_resource_name_dns_aaaa_record_on_launch": false,
            "id": "subnet-00244f9aa3824df1e",
            "ipv6_cidr_block": "",
            "ipv6_cidr_block_association_id": "",
            "ipv6_native": false,
            "map_customer_owned_ip_on_launch": false,
            "map_public_ip_on_launch": true,
            "outpost_arn": "",
            "owner_id": "143075050537",
            "private_dns_hostname_type_on_launch": "ip-name",
            "tags": {
              "Name": "App subnet"
            },
            "tags_all": {
              "Name": "App subnet"
            },
            "timeouts": null,
            "vpc_id": "vpc-0fda112724090432c"
          },
          "sensitive_attributes": [],
          "private": "eyJlMmJmYjczMC1lY2FhLTExZTYtOGY4OC0zNDM2M2JjN2M0YzAiOnsiY3JlYXRlIjo2MDAwMDAwMDAwMDAsImRlbGV0ZSI6MTIwMDAwMDAwMDAwMH0sInNjaGVtYV92ZXJzaW9uIjoiMSJ9",
          "dependencies": [
            "aws_vpc.test-vpc"
          ]
        }
      ]
    },
    {
      "mode": "managed",
      "type": "aws_vpc",
      "name": "test-vpc",
      "provider": "provider[\"registry.terraform.io/hashicorp/aws\"]",
      "instances": [
        {
          "schema_version": 1,
          "attributes": {
            "arn": "arn:aws:ec2:us-east-1:143075050537:vpc/vpc-0fda112724090432c",
            "assign_generated_ipv6_cidr_block": false,
            "cidr_block": "10.0.0.0/16",
            "default_network_acl_id": "acl-045f3d349d7124139",
            "default_route_table_id": "rtb-091148c09f828fbb3",
            "default_security_group_id": "sg-01e7948aa8cf1f13e",
            "dhcp_options_id": "dopt-01890829f4d61e722",
            "enable_classiclink": false,
            "enable_classiclink_dns_support": false,
            "enable_dns_hostnames": false,
            "enable_dns_support": true,
            "id": "vpc-0fda112724090432c",
            "instance_tenancy": "default",
            "ipv4_ipam_pool_id": null,
            "ipv4_netmask_length": null,
            "ipv6_association_id": "",
            "ipv6_cidr_block": "",
            "ipv6_cidr_block_network_border_group": "",
            "ipv6_ipam_pool_id": "",
            "ipv6_netmask_length": 0,
            "main_route_table_id": "rtb-091148c09f828fbb3",
            "owner_id": "143075050537",
            "tags": {
              "Name": "test-vpc"
            },
            "tags_all": {
              "Name": "test-vpc"
            }
          },
          "sensitive_attributes": [],
          "private": "eyJzY2hlbWFfdmVyc2lvbiI6IjEifQ=="
        }
      ]
    },
    {
      "mode": "managed",
      "type": "local_file",
      "name": "app_key_sonar",
      "provider": "provider[\"registry.terraform.io/hashicorp/local\"]",
      "instances": [
        {
          "schema_version": 0,
          "attributes": {
            "content": "-----BEGIN RSA PRIVATE KEY-----\nMIIEowIBAAKCAQEAu8d5rF5w9HxJWQol2/+4k6BiyOnSShwwE9wIPu4eBP9DipcQ\nEQyvc8LQwBnLRynEDhDjKnP22rq60wZjaZ0qNQAiKo4it/qgfm4NrMdrRBf/3jOH\ns/g32ywuSJWGtAMbbOn2cjF3pySVZT7i0smjCT4oUg8I7wmLHLIfv9+uY9+ZfOB/\nzptYHktf4Jchyv6FNtg91j384/98SF1Dr9JsLYBSCUuywbF9v0BX0wlRHdrXUZDT\nh3IYG2+ZTR//mC5Ul3OX5AYJF25dWR8PX4CzekxLLeRj1L62uEewnRG7JsWyu5Ir\n9p7y+h1195y57pLEuhRxEJddhHN7OiazYyBD6QIDAQABAoIBAGt2szlkKvygDFH6\nrsQCyx0hUqdsuT5Ud2dGKynomCF//KVZ4oX/XoG/YjwuBtnJGzx5iagICaQP7U9L\nfqU4nqkKVINKKLBlrGfuj8Drt4WWvoXps6XZTg4OcMZ1XEu044MnOjUL/lAXbbAt\nlx3O65Ekk2qy1AgIzCY2AlmKp4DbwRLnjF8yLl660ktNBycAb3e/nvaIhAEXkAwQ\nT/Feu6rXJbxHKUyOArPpoQHW85LXHvTHBCmLNnnHWVq0gYP6DC33x21IiStYlk50\nqBMnVgigfVsUBXXnc0GB7HjQuBHUE7ZPe9w8w86Bj7IMCQIW7bRX80ZU93jUeWLg\nu8eVmwECgYEA0sC1cXVrABem+p3Srbxcd7UUeASNxbUlP9YEm6DJbM9FatbCpbbA\n5rWNeo9AysdMoomZimP6c48gNIjHRNLyMB74JNE4wmK4j7ovk516ONbjyV1cBZil\nODYKhbWnTAKw5CuSfcEDm144UoU22Oq43PqNJVaQO0DDbnhCKNqGuRECgYEA5Bga\nu/VoqGXPUkjtvrcQT1Tb0joYjDD/qOhYKjz+c6bHx29i1KNcDpFgDNe4mQ4lInnC\nOx1wFHQUniD0+qePcNJHnsb00gtClwJWKeuqU2C7gZXgwXAsKTk1/LsRlh/4pc+o\n2ClKCSIsDgfoPYAvsMQsGFeBgQu0Zy/hFTojHVkCgYAinVwvwmVMopXeW8Wam3Fk\nh+1QuQ7ABjyT+4bOON5cbL6uCY/2v8l3GyKdmqG9rHY9y/PX8wvTpxJXDpAMEcmN\ndciz41k7NBO0J5Rg3mCQrVrEW/0dPjEExnt78pYDuf1rvGxXEziQcC04AIE9p2+t\ne8lq9IjD8qMmpcHYC+xMwQKBgQCq/rMUE49JJ0H8cvXgksakYn6FJM6AUr9m9gAa\nci1jsDV2+rcBqBH8TdnO5u3ZuDP4m4UT4ibC/p7ySMy/GFy9fLb6fjbNPGnIYZUM\nykKfTRZkuGKNQbWpld02QVuWyxMR4xK2MoXxQO/7+MuPR4j5IKfZ+8f3YTn2XXuE\n+VeXyQKBgA7RSKxWLqFy2hrIee3Htac3qTP5R3imoFV5gzL7OFY5TEQAedu4GApJ\n23w2ksIGC9Y0aWf5cTNILI1TRxseHhGfqNlEh1USKQXY7u5WQR3X9RY81MMmc7qd\nezlD1+BrDnDoiH2+p/xbOlGybDW6Qb04zTBLVS0bzmYNC3jnHO7N\n-----END RSA PRIVATE KEY-----\n",
            "content_base64": null,
            "directory_permission": "0777",
            "file_permission": "0777",
            "filename": "app_key.pem",
            "id": "a11555ecc2818da0a81ed816c303fcd726872844",
            "sensitive_content": null,
            "source": null
          },
          "sensitive_attributes": [
            [
              {
                "type": "get_attr",
                "value": "content"
              }
            ]
          ],
          "private": "bnVsbA==",
          "dependencies": [
            "tls_private_key.app_p_key"
          ]
        }
      ]
    },
    {
      "mode": "managed",
      "type": "tls_private_key",
      "name": "app_p_key",
      "provider": "provider[\"registry.terraform.io/hashicorp/tls\"]",
      "instances": [
        {
          "schema_version": 0,
          "attributes": {
            "algorithm": "RSA",
            "ecdsa_curve": "P224",
            "id": "33799c55c021c6811f4957b4e11233b3259282f7",
            "private_key_openssh": "-----BEGIN OPENSSH PRIVATE KEY-----\nb3BlbnNzaC1rZXktdjEAAAAABG5vbmUAAAAEbm9uZQAAAAAAAAABAAABFwAAAAdz\nc2gtcnNhAAAAAwEAAQAAAQEAu8d5rF5w9HxJWQol2/+4k6BiyOnSShwwE9wIPu4e\nBP9DipcQEQyvc8LQwBnLRynEDhDjKnP22rq60wZjaZ0qNQAiKo4it/qgfm4NrMdr\nRBf/3jOHs/g32ywuSJWGtAMbbOn2cjF3pySVZT7i0smjCT4oUg8I7wmLHLIfv9+u\nY9+ZfOB/zptYHktf4Jchyv6FNtg91j384/98SF1Dr9JsLYBSCUuywbF9v0BX0wlR\nHdrXUZDTh3IYG2+ZTR//mC5Ul3OX5AYJF25dWR8PX4CzekxLLeRj1L62uEewnRG7\nJsWyu5Ir9p7y+h1195y57pLEuhRxEJddhHN7OiazYyBD6QAAA7hua21abmttWgAA\nAAdzc2gtcnNhAAABAQC7x3msXnD0fElZCiXb/7iToGLI6dJKHDAT3Ag+7h4E/0OK\nlxARDK9zwtDAGctHKcQOEOMqc/baurrTBmNpnSo1ACIqjiK3+qB+bg2sx2tEF//e\nM4ez+DfbLC5IlYa0Axts6fZyMXenJJVlPuLSyaMJPihSDwjvCYscsh+/365j35l8\n4H/Om1geS1/glyHK/oU22D3WPfzj/3xIXUOv0mwtgFIJS7LBsX2/QFfTCVEd2tdR\nkNOHchgbb5lNH/+YLlSXc5fkBgkXbl1ZHw9fgLN6TEst5GPUvra4R7CdEbsmxbK7\nkiv2nvL6HXX3nLnuksS6FHEQl12Ec3s6JrNjIEPpAAAAAwEAAQAAAQBrdrM5ZCr8\noAxR+q7EAssdIVKnbLk+VHdnRisp6Jghf/ylWeKF/16Bv2I8LgbZyRs8eYmoCAmk\nD+1PS36lOJ6pClSDSiiwZaxn7o/A67eFlr6F6bOl2U4ODnDGdVxLtOODJzo1C/5Q\nF22wLZcdzuuRJJNqstQICMwmNgJZiqeA28ES54xfMi5eutJLTQcnAG93v572iIQB\nF5AMEE/xXruq1yW8RylMjgKz6aEB1vOS1x70xwQpizZ5x1latIGD+gwt98dtSIkr\nWJZOdKgTJ1YIoH1bFAV153NBgex40LgR1BO2T3vcPMPOgY+yDAkCFu20V/NGVPd4\n1Hli4LvHlZsBAAAAgA7RSKxWLqFy2hrIee3Htac3qTP5R3imoFV5gzL7OFY5TEQA\nedu4GApJ23w2ksIGC9Y0aWf5cTNILI1TRxseHhGfqNlEh1USKQXY7u5WQR3X9RY8\n1MMmc7qdezlD1+BrDnDoiH2+p/xbOlGybDW6Qb04zTBLVS0bzmYNC3jnHO7NAAAA\ngQDSwLVxdWsAF6b6ndKtvFx3tRR4BI3FtSU/1gSboMlsz0Vq1sKltsDmtY16j0DK\nx0yiiZmKY/pzjyA0iMdE0vIwHvgk0TjCYriPui+TnXo41uPJXVwFmKU4NgqFtadM\nArDkK5J9wQObXjhShTbY6rjc+o0lVpA7QMNueEIo2oa5EQAAAIEA5Bgau/VoqGXP\nUkjtvrcQT1Tb0joYjDD/qOhYKjz+c6bHx29i1KNcDpFgDNe4mQ4lInnCOx1wFHQU\nniD0+qePcNJHnsb00gtClwJWKeuqU2C7gZXgwXAsKTk1/LsRlh/4pc+o2ClKCSIs\nDgfoPYAvsMQsGFeBgQu0Zy/hFTojHVkAAAAAAQID\n-----END OPENSSH PRIVATE KEY-----\n",
            "private_key_pem": "-----BEGIN RSA PRIVATE KEY-----\nMIIEowIBAAKCAQEAu8d5rF5w9HxJWQol2/+4k6BiyOnSShwwE9wIPu4eBP9DipcQ\nEQyvc8LQwBnLRynEDhDjKnP22rq60wZjaZ0qNQAiKo4it/qgfm4NrMdrRBf/3jOH\ns/g32ywuSJWGtAMbbOn2cjF3pySVZT7i0smjCT4oUg8I7wmLHLIfv9+uY9+ZfOB/\nzptYHktf4Jchyv6FNtg91j384/98SF1Dr9JsLYBSCUuywbF9v0BX0wlRHdrXUZDT\nh3IYG2+ZTR//mC5Ul3OX5AYJF25dWR8PX4CzekxLLeRj1L62uEewnRG7JsWyu5Ir\n9p7y+h1195y57pLEuhRxEJddhHN7OiazYyBD6QIDAQABAoIBAGt2szlkKvygDFH6\nrsQCyx0hUqdsuT5Ud2dGKynomCF//KVZ4oX/XoG/YjwuBtnJGzx5iagICaQP7U9L\nfqU4nqkKVINKKLBlrGfuj8Drt4WWvoXps6XZTg4OcMZ1XEu044MnOjUL/lAXbbAt\nlx3O65Ekk2qy1AgIzCY2AlmKp4DbwRLnjF8yLl660ktNBycAb3e/nvaIhAEXkAwQ\nT/Feu6rXJbxHKUyOArPpoQHW85LXHvTHBCmLNnnHWVq0gYP6DC33x21IiStYlk50\nqBMnVgigfVsUBXXnc0GB7HjQuBHUE7ZPe9w8w86Bj7IMCQIW7bRX80ZU93jUeWLg\nu8eVmwECgYEA0sC1cXVrABem+p3Srbxcd7UUeASNxbUlP9YEm6DJbM9FatbCpbbA\n5rWNeo9AysdMoomZimP6c48gNIjHRNLyMB74JNE4wmK4j7ovk516ONbjyV1cBZil\nODYKhbWnTAKw5CuSfcEDm144UoU22Oq43PqNJVaQO0DDbnhCKNqGuRECgYEA5Bga\nu/VoqGXPUkjtvrcQT1Tb0joYjDD/qOhYKjz+c6bHx29i1KNcDpFgDNe4mQ4lInnC\nOx1wFHQUniD0+qePcNJHnsb00gtClwJWKeuqU2C7gZXgwXAsKTk1/LsRlh/4pc+o\n2ClKCSIsDgfoPYAvsMQsGFeBgQu0Zy/hFTojHVkCgYAinVwvwmVMopXeW8Wam3Fk\nh+1QuQ7ABjyT+4bOON5cbL6uCY/2v8l3GyKdmqG9rHY9y/PX8wvTpxJXDpAMEcmN\ndciz41k7NBO0J5Rg3mCQrVrEW/0dPjEExnt78pYDuf1rvGxXEziQcC04AIE9p2+t\ne8lq9IjD8qMmpcHYC+xMwQKBgQCq/rMUE49JJ0H8cvXgksakYn6FJM6AUr9m9gAa\nci1jsDV2+rcBqBH8TdnO5u3ZuDP4m4UT4ibC/p7ySMy/GFy9fLb6fjbNPGnIYZUM\nykKfTRZkuGKNQbWpld02QVuWyxMR4xK2MoXxQO/7+MuPR4j5IKfZ+8f3YTn2XXuE\n+VeXyQKBgA7RSKxWLqFy2hrIee3Htac3qTP5R3imoFV5gzL7OFY5TEQAedu4GApJ\n23w2ksIGC9Y0aWf5cTNILI1TRxseHhGfqNlEh1USKQXY7u5WQR3X9RY81MMmc7qd\nezlD1+BrDnDoiH2+p/xbOlGybDW6Qb04zTBLVS0bzmYNC3jnHO7N\n-----END RSA PRIVATE KEY-----\n",
            "public_key_fingerprint_md5": "90:3b:56:d8:78:65:e3:c9:d0:61:0a:af:d0:89:bb:6f",
            "public_key_fingerprint_sha256": "SHA256:Ba00Y2hqApFenxPPiFzDm9hXF870BlK0aA8177N3nK8",
            "public_key_openssh": "ssh-rsa AAAAB3NzaC1yc2EAAAADAQABAAABAQC7x3msXnD0fElZCiXb/7iToGLI6dJKHDAT3Ag+7h4E/0OKlxARDK9zwtDAGctHKcQOEOMqc/baurrTBmNpnSo1ACIqjiK3+qB+bg2sx2tEF//eM4ez+DfbLC5IlYa0Axts6fZyMXenJJVlPuLSyaMJPihSDwjvCYscsh+/365j35l84H/Om1geS1/glyHK/oU22D3WPfzj/3xIXUOv0mwtgFIJS7LBsX2/QFfTCVEd2tdRkNOHchgbb5lNH/+YLlSXc5fkBgkXbl1ZHw9fgLN6TEst5GPUvra4R7CdEbsmxbK7kiv2nvL6HXX3nLnuksS6FHEQl12Ec3s6JrNjIEPp\n",
            "public_key_pem": "-----BEGIN PUBLIC KEY-----\nMIIBIjANBgkqhkiG9w0BAQEFAAOCAQ8AMIIBCgKCAQEAu8d5rF5w9HxJWQol2/+4\nk6BiyOnSShwwE9wIPu4eBP9DipcQEQyvc8LQwBnLRynEDhDjKnP22rq60wZjaZ0q\nNQAiKo4it/qgfm4NrMdrRBf/3jOHs/g32ywuSJWGtAMbbOn2cjF3pySVZT7i0smj\nCT4oUg8I7wmLHLIfv9+uY9+ZfOB/zptYHktf4Jchyv6FNtg91j384/98SF1Dr9Js\nLYBSCUuywbF9v0BX0wlRHdrXUZDTh3IYG2+ZTR//mC5Ul3OX5AYJF25dWR8PX4Cz\nekxLLeRj1L62uEewnRG7JsWyu5Ir9p7y+h1195y57pLEuhRxEJddhHN7OiazYyBD\n6QIDAQAB\n-----END PUBLIC KEY-----\n",
            "rsa_bits": 2048
          },
          "sensitive_attributes": [],
          "private": "bnVsbA=="
        }
      ]
    }
  ]
}
